// !$*UTF8*$!
{
	archiveVersion = 1;
	classes = {
	};
	objectVersion = 55;
	objects = {

/* Begin PBXBuildFile section */
		C68F520E282070B300DC6481 /* NavigationLazyView.swift in Sources */ = {isa = PBXBuildFile; fileRef = C68F520D282070B300DC6481 /* NavigationLazyView.swift */; };
		C69BF442281B440300191E66 /* MainView.swift in Sources */ = {isa = PBXBuildFile; fileRef = C69BF441281B440300191E66 /* MainView.swift */; };
		C69BF444281B44F200191E66 /* ItemView.swift in Sources */ = {isa = PBXBuildFile; fileRef = C69BF443281B44F200191E66 /* ItemView.swift */; };
		C69BF446281B48F600191E66 /* Book.swift in Sources */ = {isa = PBXBuildFile; fileRef = C69BF445281B48F600191E66 /* Book.swift */; };
		C6AA9DF62819F1FB00AEDDF6 /* SampleBookstoreApp.swift in Sources */ = {isa = PBXBuildFile; fileRef = C6AA9DF52819F1FB00AEDDF6 /* SampleBookstoreApp.swift */; };
		C6AA9DF82819F1FB00AEDDF6 /* DetailView.swift in Sources */ = {isa = PBXBuildFile; fileRef = C6AA9DF72819F1FB00AEDDF6 /* DetailView.swift */; };
		C6AA9DFA2819F20200AEDDF6 /* Assets.xcassets in Resources */ = {isa = PBXBuildFile; fileRef = C6AA9DF92819F20200AEDDF6 /* Assets.xcassets */; };
		C6AA9DFD2819F20200AEDDF6 /* Preview Assets.xcassets in Resources */ = {isa = PBXBuildFile; fileRef = C6AA9DFC2819F20200AEDDF6 /* Preview Assets.xcassets */; };
		C6BD8883282087FC001E8A07 /* Cart.swift in Sources */ = {isa = PBXBuildFile; fileRef = C6BD8882282087FC001E8A07 /* Cart.swift */; };
		C6BD88872820B6A3001E8A07 /* CartItemView.swift in Sources */ = {isa = PBXBuildFile; fileRef = C6BD88862820B6A3001E8A07 /* CartItemView.swift */; };
		C6BD88892820B77D001E8A07 /* CartImageOverlay.swift in Sources */ = {isa = PBXBuildFile; fileRef = C6BD88882820B77D001E8A07 /* CartImageOverlay.swift */; };
		C6BD888B2820B800001E8A07 /* ShoppingCartView.swift in Sources */ = {isa = PBXBuildFile; fileRef = C6BD888A2820B800001E8A07 /* ShoppingCartView.swift */; };
		C6BD888D2820B965001E8A07 /* ShoppingCartButtomView.swift in Sources */ = {isa = PBXBuildFile; fileRef = C6BD888C2820B965001E8A07 /* ShoppingCartButtomView.swift */; };
		C6C642CE281F63AC002BCE79 /* BookViewModel.swift in Sources */ = {isa = PBXBuildFile; fileRef = C6C642CD281F63AC002BCE79 /* BookViewModel.swift */; };
/* End PBXBuildFile section */

/* Begin PBXFileReference section */
		C68F520D282070B300DC6481 /* NavigationLazyView.swift */ = {isa = PBXFileReference; lastKnownFileType = sourcecode.swift; path = NavigationLazyView.swift; sourceTree = "<group>"; };
		C69BF441281B440300191E66 /* MainView.swift */ = {isa = PBXFileReference; lastKnownFileType = sourcecode.swift; path = MainView.swift; sourceTree = "<group>"; };
		C69BF443281B44F200191E66 /* ItemView.swift */ = {isa = PBXFileReference; lastKnownFileType = sourcecode.swift; path = ItemView.swift; sourceTree = "<group>"; };
		C69BF445281B48F600191E66 /* Book.swift */ = {isa = PBXFileReference; lastKnownFileType = sourcecode.swift; path = Book.swift; sourceTree = "<group>"; };
		C6AA9DF22819F1FB00AEDDF6 /* Sample Bookstore.app */ = {isa = PBXFileReference; explicitFileType = wrapper.application; includeInIndex = 0; path = "Sample Bookstore.app"; sourceTree = BUILT_PRODUCTS_DIR; };
		C6AA9DF52819F1FB00AEDDF6 /* SampleBookstoreApp.swift */ = {isa = PBXFileReference; lastKnownFileType = sourcecode.swift; path = SampleBookstoreApp.swift; sourceTree = "<group>"; };
		C6AA9DF72819F1FB00AEDDF6 /* DetailView.swift */ = {isa = PBXFileReference; lastKnownFileType = sourcecode.swift; path = DetailView.swift; sourceTree = "<group>"; };
		C6AA9DF92819F20200AEDDF6 /* Assets.xcassets */ = {isa = PBXFileReference; lastKnownFileType = folder.assetcatalog; path = Assets.xcassets; sourceTree = "<group>"; };
		C6AA9DFC2819F20200AEDDF6 /* Preview Assets.xcassets */ = {isa = PBXFileReference; lastKnownFileType = folder.assetcatalog; path = "Preview Assets.xcassets"; sourceTree = "<group>"; };
		C6BD8882282087FC001E8A07 /* Cart.swift */ = {isa = PBXFileReference; lastKnownFileType = sourcecode.swift; path = Cart.swift; sourceTree = "<group>"; };
		C6BD88862820B6A3001E8A07 /* CartItemView.swift */ = {isa = PBXFileReference; lastKnownFileType = sourcecode.swift; path = CartItemView.swift; sourceTree = "<group>"; };
		C6BD88882820B77D001E8A07 /* CartImageOverlay.swift */ = {isa = PBXFileReference; lastKnownFileType = sourcecode.swift; path = CartImageOverlay.swift; sourceTree = "<group>"; };
		C6BD888A2820B800001E8A07 /* ShoppingCartView.swift */ = {isa = PBXFileReference; lastKnownFileType = sourcecode.swift; path = ShoppingCartView.swift; sourceTree = "<group>"; };
		C6BD888C2820B965001E8A07 /* ShoppingCartButtomView.swift */ = {isa = PBXFileReference; lastKnownFileType = sourcecode.swift; path = ShoppingCartButtomView.swift; sourceTree = "<group>"; };
		C6C642CD281F63AC002BCE79 /* BookViewModel.swift */ = {isa = PBXFileReference; lastKnownFileType = sourcecode.swift; path = BookViewModel.swift; sourceTree = "<group>"; };
/* End PBXFileReference section */

/* Begin PBXFrameworksBuildPhase section */
		C6AA9DEF2819F1FB00AEDDF6 /* Frameworks */ = {
			isa = PBXFrameworksBuildPhase;
			buildActionMask = 2147483647;
			files = (
			);
			runOnlyForDeploymentPostprocessing = 0;
		};
/* End PBXFrameworksBuildPhase section */

/* Begin PBXGroup section */
		C68F520B28206F7E00DC6481 /* Model */ = {
			isa = PBXGroup;
			children = (
				C69BF445281B48F600191E66 /* Book.swift */,
				C6BD8882282087FC001E8A07 /* Cart.swift */,
			);
			path = Model;
			sourceTree = "<group>";
		};
		C68F520C282070A000DC6481 /* Utils */ = {
			isa = PBXGroup;
			children = (
				C68F520D282070B300DC6481 /* NavigationLazyView.swift */,
				C6BD88882820B77D001E8A07 /* CartImageOverlay.swift */,
				C6BD888C2820B965001E8A07 /* ShoppingCartButtomView.swift */,
			);
			path = Utils;
			sourceTree = "<group>";
		};
		C6AA9DE92819F1FB00AEDDF6 = {
			isa = PBXGroup;
			children = (
				C6AA9DF42819F1FB00AEDDF6 /* SampleBookstore */,
				C6AA9DF32819F1FB00AEDDF6 /* Products */,
			);
			sourceTree = "<group>";
		};
		C6AA9DF32819F1FB00AEDDF6 /* Products */ = {
			isa = PBXGroup;
			children = (
				C6AA9DF22819F1FB00AEDDF6 /* Sample Bookstore.app */,
			);
			name = Products;
			sourceTree = "<group>";
		};
		C6AA9DF42819F1FB00AEDDF6 /* SampleBookstore */ = {
			isa = PBXGroup;
			children = (
				C6BD8884282099DE001E8A07 /* Views */,
				C68F520C282070A000DC6481 /* Utils */,
				C68F520B28206F7E00DC6481 /* Model */,
				C6C642CC281F635A002BCE79 /* View Model */,
				C6AA9DF52819F1FB00AEDDF6 /* SampleBookstoreApp.swift */,
				C6AA9DF92819F20200AEDDF6 /* Assets.xcassets */,
				C6AA9DFB2819F20200AEDDF6 /* Preview Content */,
			);
			path = SampleBookstore;
			sourceTree = "<group>";
		};
		C6AA9DFB2819F20200AEDDF6 /* Preview Content */ = {
			isa = PBXGroup;
			children = (
				C6AA9DFC2819F20200AEDDF6 /* Preview Assets.xcassets */,
			);
			path = "Preview Content";
			sourceTree = "<group>";
		};
		C6BD8884282099DE001E8A07 /* Views */ = {
			isa = PBXGroup;
			children = (
				C69BF441281B440300191E66 /* MainView.swift */,
				C69BF443281B44F200191E66 /* ItemView.swift */,
				C6AA9DF72819F1FB00AEDDF6 /* DetailView.swift */,
				C6BD88862820B6A3001E8A07 /* CartItemView.swift */,
				C6BD888A2820B800001E8A07 /* ShoppingCartView.swift */,
			);
			path = Views;
			sourceTree = "<group>";
		};
		C6C642CC281F635A002BCE79 /* View Model */ = {
			isa = PBXGroup;
			children = (
				C6C642CD281F63AC002BCE79 /* BookViewModel.swift */,
			);
			path = "View Model";
			sourceTree = "<group>";
		};
/* End PBXGroup section */

/* Begin PBXNativeTarget section */
		C6AA9DF12819F1FB00AEDDF6 /* SampleBookstore */ = {
			isa = PBXNativeTarget;
			buildConfigurationList = C6AA9E002819F20200AEDDF6 /* Build configuration list for PBXNativeTarget "SampleBookstore" */;
			buildPhases = (
				C6AA9DEE2819F1FB00AEDDF6 /* Sources */,
				C6AA9DEF2819F1FB00AEDDF6 /* Frameworks */,
				C6AA9DF02819F1FB00AEDDF6 /* Resources */,
			);
			buildRules = (
			);
			dependencies = (
			);
			name = SampleBookstore;
			productName = SampleBoolstore;
			productReference = C6AA9DF22819F1FB00AEDDF6 /* Sample Bookstore.app */;
			productType = "com.apple.product-type.application";
		};
/* End PBXNativeTarget section */

/* Begin PBXProject section */
		C6AA9DEA2819F1FB00AEDDF6 /* Project object */ = {
			isa = PBXProject;
			attributes = {
				BuildIndependentTargetsInParallel = 1;
				LastSwiftUpdateCheck = 1330;
				LastUpgradeCheck = 1330;
				TargetAttributes = {
					C6AA9DF12819F1FB00AEDDF6 = {
						CreatedOnToolsVersion = 13.3.1;
					};
				};
			};
			buildConfigurationList = C6AA9DED2819F1FB00AEDDF6 /* Build configuration list for PBXProject "SampleBookstore" */;
			compatibilityVersion = "Xcode 13.0";
			developmentRegion = en;
			hasScannedForEncodings = 0;
			knownRegions = (
				en,
				Base,
			);
			mainGroup = C6AA9DE92819F1FB00AEDDF6;
			productRefGroup = C6AA9DF32819F1FB00AEDDF6 /* Products */;
			projectDirPath = "";
			projectRoot = "";
			targets = (
				C6AA9DF12819F1FB00AEDDF6 /* SampleBookstore */,
			);
		};
/* End PBXProject section */

/* Begin PBXResourcesBuildPhase section */
		C6AA9DF02819F1FB00AEDDF6 /* Resources */ = {
			isa = PBXResourcesBuildPhase;
			buildActionMask = 2147483647;
			files = (
				C6AA9DFD2819F20200AEDDF6 /* Preview Assets.xcassets in Resources */,
				C6AA9DFA2819F20200AEDDF6 /* Assets.xcassets in Resources */,
			);
			runOnlyForDeploymentPostprocessing = 0;
		};
/* End PBXResourcesBuildPhase section */

/* Begin PBXSourcesBuildPhase section */
		C6AA9DEE2819F1FB00AEDDF6 /* Sources */ = {
			isa = PBXSourcesBuildPhase;
			buildActionMask = 2147483647;
			files = (
				C6AA9DF82819F1FB00AEDDF6 /* DetailView.swift in Sources */,
				C6BD8883282087FC001E8A07 /* Cart.swift in Sources */,
				C6BD888B2820B800001E8A07 /* ShoppingCartView.swift in Sources */,
				C6C642CE281F63AC002BCE79 /* BookViewModel.swift in Sources */,
				C69BF442281B440300191E66 /* MainView.swift in Sources */,
				C6AA9DF62819F1FB00AEDDF6 /* SampleBookstoreApp.swift in Sources */,
				C68F520E282070B300DC6481 /* NavigationLazyView.swift in Sources */,
				C6BD88872820B6A3001E8A07 /* CartItemView.swift in Sources */,
				C69BF446281B48F600191E66 /* Book.swift in Sources */,
				C6BD88892820B77D001E8A07 /* CartImageOverlay.swift in Sources */,
				C69BF444281B44F200191E66 /* ItemView.swift in Sources */,
				C6BD888D2820B965001E8A07 /* ShoppingCartButtomView.swift in Sources */,
			);
			runOnlyForDeploymentPostprocessing = 0;
		};
/* End PBXSourcesBuildPhase section */

/* Begin XCBuildConfiguration section */
		C6AA9DFE2819F20200AEDDF6 /* Debug */ = {
			isa = XCBuildConfiguration;
			buildSettings = {
				ALWAYS_SEARCH_USER_PATHS = NO;
				CLANG_ANALYZER_NONNULL = YES;
				CLANG_ANALYZER_NUMBER_OBJECT_CONVERSION = YES_AGGRESSIVE;
				CLANG_CXX_LANGUAGE_STANDARD = "gnu++17";
				CLANG_ENABLE_MODULES = YES;
				CLANG_ENABLE_OBJC_ARC = YES;
				CLANG_ENABLE_OBJC_WEAK = YES;
				CLANG_WARN_BLOCK_CAPTURE_AUTORELEASING = YES;
				CLANG_WARN_BOOL_CONVERSION = YES;
				CLANG_WARN_COMMA = YES;
				CLANG_WARN_CONSTANT_CONVERSION = YES;
				CLANG_WARN_DEPRECATED_OBJC_IMPLEMENTATIONS = YES;
				CLANG_WARN_DIRECT_OBJC_ISA_USAGE = YES_ERROR;
				CLANG_WARN_DOCUMENTATION_COMMENTS = YES;
				CLANG_WARN_EMPTY_BODY = YES;
				CLANG_WARN_ENUM_CONVERSION = YES;
				CLANG_WARN_INFINITE_RECURSION = YES;
				CLANG_WARN_INT_CONVERSION = YES;
				CLANG_WARN_NON_LITERAL_NULL_CONVERSION = YES;
				CLANG_WARN_OBJC_IMPLICIT_RETAIN_SELF = YES;
				CLANG_WARN_OBJC_LITERAL_CONVERSION = YES;
				CLANG_WARN_OBJC_ROOT_CLASS = YES_ERROR;
				CLANG_WARN_QUOTED_INCLUDE_IN_FRAMEWORK_HEADER = YES;
				CLANG_WARN_RANGE_LOOP_ANALYSIS = YES;
				CLANG_WARN_STRICT_PROTOTYPES = YES;
				CLANG_WARN_SUSPICIOUS_MOVE = YES;
				CLANG_WARN_UNGUARDED_AVAILABILITY = YES_AGGRESSIVE;
				CLANG_WARN_UNREACHABLE_CODE = YES;
				CLANG_WARN__DUPLICATE_METHOD_MATCH = YES;
				COPY_PHASE_STRIP = NO;
				DEBUG_INFORMATION_FORMAT = dwarf;
				ENABLE_STRICT_OBJC_MSGSEND = YES;
				ENABLE_TESTABILITY = YES;
				GCC_C_LANGUAGE_STANDARD = gnu11;
				GCC_DYNAMIC_NO_PIC = NO;
				GCC_NO_COMMON_BLOCKS = YES;
				GCC_OPTIMIZATION_LEVEL = 0;
				GCC_PREPROCESSOR_DEFINITIONS = (
					"DEBUG=1",
					"$(inherited)",
				);
				GCC_WARN_64_TO_32_BIT_CONVERSION = YES;
				GCC_WARN_ABOUT_RETURN_TYPE = YES_ERROR;
				GCC_WARN_UNDECLARED_SELECTOR = YES;
				GCC_WARN_UNINITIALIZED_AUTOS = YES_AGGRESSIVE;
				GCC_WARN_UNUSED_FUNCTION = YES;
				GCC_WARN_UNUSED_VARIABLE = YES;
				IPHONEOS_DEPLOYMENT_TARGET = 15.4;
				MTL_ENABLE_DEBUG_INFO = INCLUDE_SOURCE;
				MTL_FAST_MATH = YES;
				ONLY_ACTIVE_ARCH = YES;
				SDKROOT = iphoneos;
				SWIFT_ACTIVE_COMPILATION_CONDITIONS = DEBUG;
				SWIFT_OPTIMIZATION_LEVEL = "-Onone";
			};
			name = Debug;
		};
		C6AA9DFF2819F20200AEDDF6 /* Release */ = {
			isa = XCBuildConfiguration;
			buildSettings = {
				ALWAYS_SEARCH_USER_PATHS = NO;
				CLANG_ANALYZER_NONNULL = YES;
				CLANG_ANALYZER_NUMBER_OBJECT_CONVERSION = YES_AGGRESSIVE;
				CLANG_CXX_LANGUAGE_STANDARD = "gnu++17";
				CLANG_ENABLE_MODULES = YES;
				CLANG_ENABLE_OBJC_ARC = YES;
				CLANG_ENABLE_OBJC_WEAK = YES;
				CLANG_WARN_BLOCK_CAPTURE_AUTORELEASING = YES;
				CLANG_WARN_BOOL_CONVERSION = YES;
				CLANG_WARN_COMMA = YES;
				CLANG_WARN_CONSTANT_CONVERSION = YES;
				CLANG_WARN_DEPRECATED_OBJC_IMPLEMENTATIONS = YES;
				CLANG_WARN_DIRECT_OBJC_ISA_USAGE = YES_ERROR;
				CLANG_WARN_DOCUMENTATION_COMMENTS = YES;
				CLANG_WARN_EMPTY_BODY = YES;
				CLANG_WARN_ENUM_CONVERSION = YES;
				CLANG_WARN_INFINITE_RECURSION = YES;
				CLANG_WARN_INT_CONVERSION = YES;
				CLANG_WARN_NON_LITERAL_NULL_CONVERSION = YES;
				CLANG_WARN_OBJC_IMPLICIT_RETAIN_SELF = YES;
				CLANG_WARN_OBJC_LITERAL_CONVERSION = YES;
				CLANG_WARN_OBJC_ROOT_CLASS = YES_ERROR;
				CLANG_WARN_QUOTED_INCLUDE_IN_FRAMEWORK_HEADER = YES;
				CLANG_WARN_RANGE_LOOP_ANALYSIS = YES;
				CLANG_WARN_STRICT_PROTOTYPES = YES;
				CLANG_WARN_SUSPICIOUS_MOVE = YES;
				CLANG_WARN_UNGUARDED_AVAILABILITY = YES_AGGRESSIVE;
				CLANG_WARN_UNREACHABLE_CODE = YES;
				CLANG_WARN__DUPLICATE_METHOD_MATCH = YES;
				COPY_PHASE_STRIP = NO;
				DEBUG_INFORMATION_FORMAT = "dwarf-with-dsym";
				ENABLE_NS_ASSERTIONS = NO;
				ENABLE_STRICT_OBJC_MSGSEND = YES;
				GCC_C_LANGUAGE_STANDARD = gnu11;
				GCC_NO_COMMON_BLOCKS = YES;
				GCC_WARN_64_TO_32_BIT_CONVERSION = YES;
				GCC_WARN_ABOUT_RETURN_TYPE = YES_ERROR;
				GCC_WARN_UNDECLARED_SELECTOR = YES;
				GCC_WARN_UNINITIALIZED_AUTOS = YES_AGGRESSIVE;
				GCC_WARN_UNUSED_FUNCTION = YES;
				GCC_WARN_UNUSED_VARIABLE = YES;
				IPHONEOS_DEPLOYMENT_TARGET = 15.4;
				MTL_ENABLE_DEBUG_INFO = NO;
				MTL_FAST_MATH = YES;
				SDKROOT = iphoneos;
				SWIFT_COMPILATION_MODE = wholemodule;
				SWIFT_OPTIMIZATION_LEVEL = "-O";
				VALIDATE_PRODUCT = YES;
			};
			name = Release;
		};
		C6AA9E012819F20200AEDDF6 /* Debug */ = {
			isa = XCBuildConfiguration;
			buildSettings = {
				ASSETCATALOG_COMPILER_APPICON_NAME = AppIcon;
				ASSETCATALOG_COMPILER_GLOBAL_ACCENT_COLOR_NAME = AccentColor;
				CODE_SIGN_STYLE = Automatic;
				CURRENT_PROJECT_VERSION = 1;
				DEVELOPMENT_ASSET_PATHS = "\"SampleBookstore/Preview Content\"";
				DEVELOPMENT_TEAM = T2Q4YR3P44;
				ENABLE_PREVIEWS = YES;
				GENERATE_INFOPLIST_FILE = YES;
				INFOPLIST_KEY_UIApplicationSceneManifest_Generation = YES;
				INFOPLIST_KEY_UIApplicationSupportsIndirectInputEvents = YES;
				INFOPLIST_KEY_UILaunchScreen_Generation = YES;
				INFOPLIST_KEY_UISupportedInterfaceOrientations_iPad = "UIInterfaceOrientationPortrait UIInterfaceOrientationPortraitUpsideDown UIInterfaceOrientationLandscapeLeft UIInterfaceOrientationLandscapeRight";
				INFOPLIST_KEY_UISupportedInterfaceOrientations_iPhone = "UIInterfaceOrientationPortrait UIInterfaceOrientationLandscapeLeft UIInterfaceOrientationLandscapeRight";
				LD_RUNPATH_SEARCH_PATHS = (
					"$(inherited)",
					"@executable_path/Frameworks",
				);
				MARKETING_VERSION = 1.0;
				PRODUCT_BUNDLE_IDENTIFIER = mx.datafox.SampleBookstore;
				PRODUCT_NAME = "Sample Bookstore";
				SWIFT_EMIT_LOC_STRINGS = YES;
				SWIFT_VERSION = 5.0;
				TARGETED_DEVICE_FAMILY = "1,2";
			};
			name = Debug;
		};
		C6AA9E022819F20200AEDDF6 /* Release */ = {
			isa = XCBuildConfiguration;
			buildSettings = {
				ASSETCATALOG_COMPILER_APPICON_NAME = AppIcon;
				ASSETCATALOG_COMPILER_GLOBAL_ACCENT_COLOR_NAME = AccentColor;
				CODE_SIGN_STYLE = Automatic;
				CURRENT_PROJECT_VERSION = 1;
				DEVELOPMENT_ASSET_PATHS = "\"SampleBookstore/Preview Content\"";
				DEVELOPMENT_TEAM = T2Q4YR3P44;
				ENABLE_PREVIEWS = YES;
				GENERATE_INFOPLIST_FILE = YES;
				INFOPLIST_KEY_UIApplicationSceneManifest_Generation = YES;
				INFOPLIST_KEY_UIApplicationSupportsIndirectInputEvents = YES;
				INFOPLIST_KEY_UILaunchScreen_Generation = YES;
				INFOPLIST_KEY_UISupportedInterfaceOrientations_iPad = "UIInterfaceOrientationPortrait UIInterfaceOrientationPortraitUpsideDown UIInterfaceOrientationLandscapeLeft UIInterfaceOrientationLandscapeRight";
				INFOPLIST_KEY_UISupportedInterfaceOrientations_iPhone = "UIInterfaceOrientationPortrait UIInterfaceOrientationLandscapeLeft UIInterfaceOrientationLandscapeRight";
				LD_RUNPATH_SEARCH_PATHS = (
					"$(inherited)",
					"@executable_path/Frameworks",
				);
				MARKETING_VERSION = 1.0;
				PRODUCT_BUNDLE_IDENTIFIER = mx.datafox.SampleBookstore;
				PRODUCT_NAME = "Sample Bookstore";
				SWIFT_EMIT_LOC_STRINGS = YES;
				SWIFT_VERSION = 5.0;
				TARGETED_DEVICE_FAMILY = "1,2";
			};
			name = Release;
		};
/* End XCBuildConfiguration section */

/* Begin XCConfigurationList section */
		C6AA9DED2819F1FB00AEDDF6 /* Build configuration list for PBXProject "SampleBookstore" */ = {
			isa = XCConfigurationList;
			buildConfigurations = (
				C6AA9DFE2819F20200AEDDF6 /* Debug */,
				C6AA9DFF2819F20200AEDDF6 /* Release */,
			);
			defaultConfigurationIsVisible = 0;
			defaultConfigurationName = Release;
		};
		C6AA9E002819F20200AEDDF6 /* Build configuration list for PBXNativeTarget "SampleBookstore" */ = {
			isa = XCConfigurationList;
			buildConfigurations = (
				C6AA9E012819F20200AEDDF6 /* Debug */,
				C6AA9E022819F20200AEDDF6 /* Release */,
			);
			defaultConfigurationIsVisible = 0;
			defaultConfigurationName = Release;
		};
/* End XCConfigurationList section */
	};
	rootObject = C6AA9DEA2819F1FB00AEDDF6 /* Project object */;
}
